
Microsoft Visual Studio Solution File, Format Version 12.00
# Visual Studio Version 17
VisualStudioVersion = 17.14.36301.6 d17.14
MinimumVisualStudioVersion = 10.0.40219.1
Project("{FAE04EC0-301F-11D3-BF4B-00C04F79EFBC}") = "TheSecretOfAnimaTotems", "TheSecretOfAnimaTotems.csproj", "{8B6CB5E2-E07F-43D4-8311-1C67A70FDE2B}"
EndProject
Global
	GlobalSection(SolutionConfigurationPlatforms) = preSolution
		Debug|Any CPU = Debug|Any CPU
		Release|Any CPU = Release|Any CPU
	EndGlobalSection
	GlobalSection(ProjectConfigurationPlatforms) = postSolution
		{8B6CB5E2-E07F-43D4-8311-1C67A70FDE2B}.Debug|Any CPU.ActiveCfg = Release|Any CPU
		{8B6CB5E2-E07F-43D4-8311-1C67A70FDE2B}.Debug|Any CPU.Build.0 = Release|Any CPU
		{8B6CB5E2-E07F-43D4-8311-1C67A70FDE2B}.Release|Any CPU.ActiveCfg = Release|Any CPU
		{8B6CB5E2-E07F-43D4-8311-1C67A70FDE2B}.Release|Any CPU.Build.0 = Release|Any CPU
	EndGlobalSection
	GlobalSection(SolutionProperties) = preSolution
		HideSolutionNode = FALSE
	EndGlobalSection
	GlobalSection(ExtensibilityGlobals) = postSolution
		SolutionGuid = {1BC4F946-22FB-4DEB-9426-04E41F609D48}
	EndGlobalSection
EndGlobal
